version = 1
revision = 2
requires-python = ">=3.13, <4"

[[package]]
name = "click"
version = "8.1.7"
source = { registry = "https://pypi.org/simple" }
dependencies = [
    { name = "colorama", marker = "sys_platform == 'win32'" },
]
sdist = { url = "https://files.pythonhosted.org/packages/96/d3/f04c7bfcf5c1862a2a5b845c6b2b360488cf47af55dfa79c98f6a6bf98b5/click-8.1.7.tar.gz", hash = "sha256:ca9853ad459e787e2192211578cc907e7594e294c7ccc834310722b41b9ca6de", size = 336121, upload-time = "2023-08-17T17:29:11.868Z" }
wheels = [
    { url = "https://files.pythonhosted.org/packages/00/2e/d53fa4befbf2cfa713304affc7ca780ce4fc1fd8710527771b58311a3229/click-8.1.7-py3-none-any.whl", hash = "sha256:ae74fb96c20a0277a1d615f1e4d73c8414f5a98db8b799a7931d1582f3390c28", size = 97941, upload-time = "2023-08-17T17:29:10.08Z" },
]

[[package]]
name = "colorama"
version = "0.4.6"
source = { registry = "https://pypi.org/simple" }
sdist = { url = "https://files.pythonhosted.org/packages/d8/53/6f443c9a4a8358a93a6792e2acffb9d9d5cb0a5cfd8802644b7b1c9a02e4/colorama-0.4.6.tar.gz", hash = "sha256:08695f5cb7ed6e0531a20572697297273c47b8cae5a63ffc6d6ed5c201be6e44", size = 27697, upload-time = "2022-10-25T02:36:22.414Z" }
wheels = [
    { url = "https://files.pythonhosted.org/packages/d1/d6/3965ed04c63042e047cb6a3e6ed1a63a35087b6a609aa3a15ed8ac56c221/colorama-0.4.6-py2.py3-none-any.whl", hash = "sha256:4f1d9991f5acc0ca119f9d443620b77f9d6b33703e51011c16baf57afb285fc6", size = 25335, upload-time = "2022-10-25T02:36:20.889Z" },
]

[[package]]
name = "coverage"
version = "7.6.3"
source = { registry = "https://pypi.org/simple" }
sdist = { url = "https://files.pythonhosted.org/packages/12/50/51ec496dd2ad84ca3e5f67de23f6de630be923dd6f5aed31bb60eda540e5/coverage-7.6.3.tar.gz", hash = "sha256:bb7d5fe92bd0dc235f63ebe9f8c6e0884f7360f88f3411bfed1350c872ef2054", size = 798337, upload-time = "2024-10-13T22:47:41.937Z" }
wheels = [
    { url = "https://files.pythonhosted.org/packages/8c/8f/265a5f18ab2cb1cae3cf6d64e8fd2708ac66a57b7068963077456ec85294/coverage-7.6.3-cp313-cp313-macosx_10_13_x86_64.whl", hash = "sha256:9134032f5aa445ae591c2ba6991d10136a1f533b1d2fa8f8c21126468c5025c6", size = 206919, upload-time = "2024-10-13T22:46:55.773Z" },
    { url = "https://files.pythonhosted.org/packages/d0/d8/59b41c21237da09c2c09cfd594883f43e3f437d9d602afe09a23d8c3b768/coverage-7.6.3-cp313-cp313-macosx_11_0_arm64.whl", hash = "sha256:99670790f21a96665a35849990b1df447993880bb6463a0a1d757897f30da929", size = 207175, upload-time = "2024-10-13T22:46:57.121Z" },
    { url = "https://files.pythonhosted.org/packages/19/e8/9a18a78779e5c9d51c8c60de4e9e06c91a03f529fa5b31993b85f364a114/coverage-7.6.3-cp313-cp313-manylinux_2_17_aarch64.manylinux2014_aarch64.whl", hash = "sha256:2dc7d6b380ca76f5e817ac9eef0c3686e7834c8346bef30b041a4ad286449990", size = 239695, upload-time = "2024-10-13T22:46:58.433Z" },
    { url = "https://files.pythonhosted.org/packages/23/d5/6100bb2b104365634068aad82ec332663a32c7572f4bbe24825e79ecb712/coverage-7.6.3-cp313-cp313-manylinux_2_5_i686.manylinux1_i686.manylinux_2_17_i686.manylinux2014_i686.whl", hash = "sha256:f7b26757b22faf88fcf232f5f0e62f6e0fd9e22a8a5d0d5016888cdfe1f6c1c4", size = 236840, upload-time = "2024-10-13T22:46:59.731Z" },
    { url = "https://files.pythonhosted.org/packages/d8/11/7e5ac48885f4fed8edb4624425b60405c96c5cf92c2260305eeb6d179897/coverage-7.6.3-cp313-cp313-manylinux_2_5_x86_64.manylinux1_x86_64.manylinux_2_17_x86_64.manylinux2014_x86_64.whl", hash = "sha256:4c59d6a4a4633fad297f943c03d0d2569867bd5372eb5684befdff8df8522e39", size = 238829, upload-time = "2024-10-13T22:47:01.356Z" },
    { url = "https://files.pythonhosted.org/packages/31/6c/4943c562bc8f541dbc466181c615743fe7987433b9ac00301b4f2c8bce60/coverage-7.6.3-cp313-cp313-musllinux_1_2_aarch64.whl", hash = "sha256:f263b18692f8ed52c8de7f40a0751e79015983dbd77b16906e5b310a39d3ca21", size = 238495, upload-time = "2024-10-13T22:47:02.938Z" },
    { url = "https://files.pythonhosted.org/packages/b2/21/ff415e195eafc86ad6e3e6bdb04e6ebd2caa432d27ec261c0a6d849a171e/coverage-7.6.3-cp313-cp313-musllinux_1_2_i686.whl", hash = "sha256:79644f68a6ff23b251cae1c82b01a0b51bc40c8468ca9585c6c4b1aeee570e0b", size = 236578, upload-time = "2024-10-13T22:47:04.269Z" },
    { url = "https://files.pythonhosted.org/packages/28/81/08c1c7d2ecc14036b6fb71433ce51fb0942b39ef2bbb654fda82e4e16004/coverage-7.6.3-cp313-cp313-musllinux_1_2_x86_64.whl", hash = "sha256:71967c35828c9ff94e8c7d405469a1fb68257f686bca7c1ed85ed34e7c2529c4", size = 238418, upload-time = "2024-10-13T22:47:05.525Z" },
    { url = "https://files.pythonhosted.org/packages/c6/50/912a47a6fa3582c6694e0acdb4c5cf1264950a400a3a9d35a5552e7a91cd/coverage-7.6.3-cp313-cp313-win32.whl", hash = "sha256:e266af4da2c1a4cbc6135a570c64577fd3e6eb204607eaff99d8e9b710003c6f", size = 209584, upload-time = "2024-10-13T22:47:07.517Z" },
    { url = "https://files.pythonhosted.org/packages/49/cb/44402ef105d8a77849fa019b975c9e35b184498ec7a6070c30deaad47fab/coverage-7.6.3-cp313-cp313-win_amd64.whl", hash = "sha256:ea52bd218d4ba260399a8ae4bb6b577d82adfc4518b93566ce1fddd4a49d1dce", size = 210316, upload-time = "2024-10-13T22:47:09.342Z" },
    { url = "https://files.pythonhosted.org/packages/f6/c4/1e9b42abe9d381585d6f9384bbfbfce464234261e3e331ab98eeef3fc11a/coverage-7.6.3-cp313-cp313t-macosx_10_13_x86_64.whl", hash = "sha256:8d4c6ea0f498c7c79111033a290d060c517853a7bcb2f46516f591dab628ddd3", size = 207664, upload-time = "2024-10-13T22:47:10.6Z" },
    { url = "https://files.pythonhosted.org/packages/29/74/62605f094604b85c98962fe29134e8f9df200106b5100a2db236f5c03993/coverage-7.6.3-cp313-cp313t-macosx_11_0_arm64.whl", hash = "sha256:331b200ad03dbaa44151d74daeb7da2cf382db424ab923574f6ecca7d3b30de3", size = 207936, upload-time = "2024-10-13T22:47:11.866Z" },
    { url = "https://files.pythonhosted.org/packages/ff/8c/bbeadb2f3236fdd62c6c267096c2524af9a59ee0a124b6b237a943d274e8/coverage-7.6.3-cp313-cp313t-manylinux_2_17_aarch64.manylinux2014_aarch64.whl", hash = "sha256:54356a76b67cf8a3085818026bb556545ebb8353951923b88292556dfa9f812d", size = 250658, upload-time = "2024-10-13T22:47:13.136Z" },
    { url = "https://files.pythonhosted.org/packages/3a/a0/46fe77ef9d133867bf639ee68ebbcae86aa340d9e46900fbdf566557c9bf/coverage-7.6.3-cp313-cp313t-manylinux_2_5_i686.manylinux1_i686.manylinux_2_17_i686.manylinux2014_i686.whl", hash = "sha256:ebec65f5068e7df2d49466aab9128510c4867e532e07cb6960075b27658dca38", size = 246370, upload-time = "2024-10-13T22:47:14.494Z" },
    { url = "https://files.pythonhosted.org/packages/9c/ba/b5722bec74017eaa1c5d35377f40a2a434e6c864cf3f1b46cddb62657642/coverage-7.6.3-cp313-cp313t-manylinux_2_5_x86_64.manylinux1_x86_64.manylinux_2_17_x86_64.manylinux2014_x86_64.whl", hash = "sha256:d33a785ea8354c480515e781554d3be582a86297e41ccbea627a5c632647f2cd", size = 248732, upload-time = "2024-10-13T22:47:15.879Z" },
    { url = "https://files.pythonhosted.org/packages/a1/d1/1264cc9ad5079439f438fd49080cbb57a8c6c589919872eaacdbc30d3b1a/coverage-7.6.3-cp313-cp313t-musllinux_1_2_aarch64.whl", hash = "sha256:f7ddb920106bbbbcaf2a274d56f46956bf56ecbde210d88061824a95bdd94e92", size = 248221, upload-time = "2024-10-13T22:47:17.182Z" },
    { url = "https://files.pythonhosted.org/packages/9d/b5/eacd2cfcb3406725e98bc6b9f1ac6794188b8231148f71281ffdcf5968e0/coverage-7.6.3-cp313-cp313t-musllinux_1_2_i686.whl", hash = "sha256:70d24936ca6c15a3bbc91ee9c7fc661132c6f4c9d42a23b31b6686c05073bde5", size = 246109, upload-time = "2024-10-13T22:47:18.936Z" },
    { url = "https://files.pythonhosted.org/packages/56/71/0f0a713bf452ae3e6dd126841a25a0bd3a75105f2666c32ad1fb28b791da/coverage-7.6.3-cp313-cp313t-musllinux_1_2_x86_64.whl", hash = "sha256:c30e42ea11badb147f0d2e387115b15e2bd8205a5ad70d6ad79cf37f6ac08c91", size = 247391, upload-time = "2024-10-13T22:47:20.237Z" },
    { url = "https://files.pythonhosted.org/packages/ad/dd/29fb9c6b94a52da04613e5005d0a8875e57ca76b570d2625964fd92d7fab/coverage-7.6.3-cp313-cp313t-win32.whl", hash = "sha256:365defc257c687ce3e7d275f39738dcd230777424117a6c76043459db131dd43", size = 210230, upload-time = "2024-10-13T22:47:21.773Z" },
    { url = "https://files.pythonhosted.org/packages/61/17/efb9ca2a5f9ccf8af267ff2c02ad976a2dc29f9b3c63209e2a89588d7f95/coverage-7.6.3-cp313-cp313t-win_amd64.whl", hash = "sha256:23bb63ae3f4c645d2d82fa22697364b0046fbafb6261b258a58587441c5f7bd0", size = 211380, upload-time = "2024-10-13T22:47:23.784Z" },
]

[[package]]
name = "freezegun"
version = "1.5.1"
source = { registry = "https://pypi.org/simple" }
dependencies = [
    { name = "python-dateutil" },
]
sdist = { url = "https://files.pythonhosted.org/packages/2c/ef/722b8d71ddf4d48f25f6d78aa2533d505bf3eec000a7cacb8ccc8de61f2f/freezegun-1.5.1.tar.gz", hash = "sha256:b29dedfcda6d5e8e083ce71b2b542753ad48cfec44037b3fc79702e2980a89e9", size = 33697, upload-time = "2024-05-11T17:32:53.911Z" }
wheels = [
    { url = "https://files.pythonhosted.org/packages/51/0b/0d7fee5919bccc1fdc1c2a7528b98f65c6f69b223a3fd8f809918c142c36/freezegun-1.5.1-py3-none-any.whl", hash = "sha256:bf111d7138a8abe55ab48a71755673dbaa4ab87f4cff5634a4442dfec34c15f1", size = 17569, upload-time = "2024-05-11T17:32:51.715Z" },
]

[[package]]
name = "iniconfig"
version = "2.0.0"
source = { registry = "https://pypi.org/simple" }
sdist = { url = "https://files.pythonhosted.org/packages/d7/4b/cbd8e699e64a6f16ca3a8220661b5f83792b3017d0f79807cb8708d33913/iniconfig-2.0.0.tar.gz", hash = "sha256:2d91e135bf72d31a410b17c16da610a82cb55f6b0477d1a902134b24a455b8b3", size = 4646, upload-time = "2023-01-07T11:08:11.254Z" }
wheels = [
    { url = "https://files.pythonhosted.org/packages/ef/a6/62565a6e1cf69e10f5727360368e451d4b7f58beeac6173dc9db836a5b46/iniconfig-2.0.0-py3-none-any.whl", hash = "sha256:b6a85871a79d2e3b22d2d1b94ac2824226a63c6b741c88f7ae975f18b6778374", size = 5892, upload-time = "2023-01-07T11:08:09.864Z" },
]

[[package]]
name = "lxml"
version = "5.3.0"
source = { registry = "https://pypi.org/simple" }
sdist = { url = "https://files.pythonhosted.org/packages/e7/6b/20c3a4b24751377aaa6307eb230b66701024012c29dd374999cc92983269/lxml-5.3.0.tar.gz", hash = "sha256:4e109ca30d1edec1ac60cdbe341905dc3b8f55b16855e03a54aaf59e51ec8c6f", size = 3679318, upload-time = "2024-08-10T18:17:29.668Z" }
wheels = [
    { url = "https://files.pythonhosted.org/packages/94/6a/42141e4d373903bfea6f8e94b2f554d05506dfda522ada5343c651410dc8/lxml-5.3.0-cp313-cp313-macosx_10_13_universal2.whl", hash = "sha256:8c72e9563347c7395910de6a3100a4840a75a6f60e05af5e58566868d5eb2d6a", size = 8156284, upload-time = "2024-08-10T18:12:10.439Z" },
    { url = "https://files.pythonhosted.org/packages/91/5e/fa097f0f7d8b3d113fb7312c6308af702f2667f22644441715be961f2c7e/lxml-5.3.0-cp313-cp313-macosx_10_13_x86_64.whl", hash = "sha256:e92ce66cd919d18d14b3856906a61d3f6b6a8500e0794142338da644260595cd", size = 4432407, upload-time = "2024-08-10T18:12:13.917Z" },
    { url = "https://files.pythonhosted.org/packages/2d/a1/b901988aa6d4ff937f2e5cfc114e4ec561901ff00660c3e56713642728da/lxml-5.3.0-cp313-cp313-manylinux_2_12_i686.manylinux2010_i686.manylinux_2_17_i686.manylinux2014_i686.whl", hash = "sha256:1d04f064bebdfef9240478f7a779e8c5dc32b8b7b0b2fc6a62e39b928d428e51", size = 5048331, upload-time = "2024-08-10T18:12:17.204Z" },
    { url = "https://files.pythonhosted.org/packages/30/0f/b2a54f48e52de578b71bbe2a2f8160672a8a5e103df3a78da53907e8c7ed/lxml-5.3.0-cp313-cp313-manylinux_2_17_aarch64.manylinux2014_aarch64.whl", hash = "sha256:5c2fb570d7823c2bbaf8b419ba6e5662137f8166e364a8b2b91051a1fb40ab8b", size = 4744835, upload-time = "2024-08-10T18:12:21.172Z" },
    { url = "https://files.pythonhosted.org/packages/82/9d/b000c15538b60934589e83826ecbc437a1586488d7c13f8ee5ff1f79a9b8/lxml-5.3.0-cp313-cp313-manylinux_2_17_ppc64le.manylinux2014_ppc64le.whl", hash = "sha256:0c120f43553ec759f8de1fee2f4794452b0946773299d44c36bfe18e83caf002", size = 5316649, upload-time = "2024-08-10T18:12:24.897Z" },
    { url = "https://files.pythonhosted.org/packages/e3/ee/ffbb9eaff5e541922611d2c56b175c45893d1c0b8b11e5a497708a6a3b3b/lxml-5.3.0-cp313-cp313-manylinux_2_17_s390x.manylinux2014_s390x.whl", hash = "sha256:562e7494778a69086f0312ec9689f6b6ac1c6b65670ed7d0267e49f57ffa08c4", size = 4812046, upload-time = "2024-08-10T18:12:29.028Z" },
    { url = "https://files.pythonhosted.org/packages/15/ff/7ff89d567485c7b943cdac316087f16b2399a8b997007ed352a1248397e5/lxml-5.3.0-cp313-cp313-manylinux_2_17_x86_64.manylinux2014_x86_64.whl", hash = "sha256:423b121f7e6fa514ba0c7918e56955a1d4470ed35faa03e3d9f0e3baa4c7e492", size = 4918597, upload-time = "2024-08-10T18:12:32.278Z" },
    { url = "https://files.pythonhosted.org/packages/c6/a3/535b6ed8c048412ff51268bdf4bf1cf052a37aa7e31d2e6518038a883b29/lxml-5.3.0-cp313-cp313-manylinux_2_28_aarch64.whl", hash = "sha256:c00f323cc00576df6165cc9d21a4c21285fa6b9989c5c39830c3903dc4303ef3", size = 4738071, upload-time = "2024-08-10T18:12:35.407Z" },
    { url = "https://files.pythonhosted.org/packages/7a/8f/cbbfa59cb4d4fd677fe183725a76d8c956495d7a3c7f111ab8f5e13d2e83/lxml-5.3.0-cp313-cp313-manylinux_2_28_ppc64le.whl", hash = "sha256:1fdc9fae8dd4c763e8a31e7630afef517eab9f5d5d31a278df087f307bf601f4", size = 5342213, upload-time = "2024-08-10T18:12:38.73Z" },
    { url = "https://files.pythonhosted.org/packages/5c/fb/db4c10dd9958d4b52e34d1d1f7c1f434422aeaf6ae2bbaaff2264351d944/lxml-5.3.0-cp313-cp313-manylinux_2_28_s390x.whl", hash = "sha256:658f2aa69d31e09699705949b5fc4719cbecbd4a97f9656a232e7d6c7be1a367", size = 4893749, upload-time = "2024-08-10T18:12:42.606Z" },
    { url = "https://files.pythonhosted.org/packages/f2/38/bb4581c143957c47740de18a3281a0cab7722390a77cc6e610e8ebf2d736/lxml-5.3.0-cp313-cp313-manylinux_2_28_x86_64.whl", hash = "sha256:1473427aff3d66a3fa2199004c3e601e6c4500ab86696edffdbc84954c72d832", size = 4945901, upload-time = "2024-08-10T18:12:45.944Z" },
    { url = "https://files.pythonhosted.org/packages/fc/d5/18b7de4960c731e98037bd48fa9f8e6e8f2558e6fbca4303d9b14d21ef3b/lxml-5.3.0-cp313-cp313-musllinux_1_2_aarch64.whl", hash = "sha256:a87de7dd873bf9a792bf1e58b1c3887b9264036629a5bf2d2e6579fe8e73edff", size = 4815447, upload-time = "2024-08-10T18:12:49.051Z" },
    { url = "https://files.pythonhosted.org/packages/97/a8/cd51ceaad6eb849246559a8ef60ae55065a3df550fc5fcd27014361c1bab/lxml-5.3.0-cp313-cp313-musllinux_1_2_ppc64le.whl", hash = "sha256:0d7b36afa46c97875303a94e8f3ad932bf78bace9e18e603f2085b652422edcd", size = 5411186, upload-time = "2024-08-10T18:12:52.388Z" },
    { url = "https://files.pythonhosted.org/packages/89/c3/1e3dabab519481ed7b1fdcba21dcfb8832f57000733ef0e71cf6d09a5e03/lxml-5.3.0-cp313-cp313-musllinux_1_2_s390x.whl", hash = "sha256:cf120cce539453ae086eacc0130a324e7026113510efa83ab42ef3fcfccac7fb", size = 5324481, upload-time = "2024-08-10T18:12:56.021Z" },
    { url = "https://files.pythonhosted.org/packages/b6/17/71e9984cf0570cd202ac0a1c9ed5c1b8889b0fc8dc736f5ef0ffb181c284/lxml-5.3.0-cp313-cp313-musllinux_1_2_x86_64.whl", hash = "sha256:df5c7333167b9674aa8ae1d4008fa4bc17a313cc490b2cca27838bbdcc6bb15b", size = 5011053, upload-time = "2024-08-10T18:12:59.714Z" },
    { url = "https://files.pythonhosted.org/packages/69/68/9f7e6d3312a91e30829368c2b3217e750adef12a6f8eb10498249f4e8d72/lxml-5.3.0-cp313-cp313-win32.whl", hash = "sha256:c802e1c2ed9f0c06a65bc4ed0189d000ada8049312cfeab6ca635e39c9608957", size = 3485634, upload-time = "2024-08-10T18:13:02.78Z" },
    { url = "https://files.pythonhosted.org/packages/7d/db/214290d58ad68c587bd5d6af3d34e56830438733d0d0856c0275fde43652/lxml-5.3.0-cp313-cp313-win_amd64.whl", hash = "sha256:406246b96d552e0503e17a1006fd27edac678b3fcc9f1be71a2f94b4ff61528d", size = 3814417, upload-time = "2024-08-10T18:13:05.791Z" },
]

[[package]]
name = "markdown-it-py"
version = "3.0.0"
source = { registry = "https://pypi.org/simple" }
dependencies = [
    { name = "mdurl" },
]
sdist = { url = "https://files.pythonhosted.org/packages/38/71/3b932df36c1a044d397a1f92d1cf91ee0a503d91e470cbd670aa66b07ed0/markdown-it-py-3.0.0.tar.gz", hash = "sha256:e3f60a94fa066dc52ec76661e37c851cb232d92f9886b15cb560aaada2df8feb", size = 74596, upload-time = "2023-06-03T06:41:14.443Z" }
wheels = [
    { url = "https://files.pythonhosted.org/packages/42/d7/1ec15b46af6af88f19b8e5ffea08fa375d433c998b8a7639e76935c14f1f/markdown_it_py-3.0.0-py3-none-any.whl", hash = "sha256:355216845c60bd96232cd8d8c40e8f9765cc86f46880e43a8fd22dc1a1a8cab1", size = 87528, upload-time = "2023-06-03T06:41:11.019Z" },
]

[[package]]
name = "md2enex"
version = "1.0"
source = { editable = "." }
dependencies = [
    { name = "lxml" },
    { name = "pypandoc-binary" },
    { name = "typer" },
]

[package.dev-dependencies]
dev = [
    { name = "freezegun" },
    { name = "pytest-cov" },
    { name = "ruff" },
]

[package.metadata]
requires-dist = [
    { name = "lxml", specifier = ">=5.2.1,<6" },
    { name = "pypandoc-binary", specifier = "~=1.13" },
    { name = "typer", specifier = ">=0.12.3,<0.13" },
]

[package.metadata.requires-dev]
dev = [
    { name = "freezegun", specifier = ">=1.5.1,<2" },
    { name = "pytest-cov", specifier = ">=5.0.0,<6" },
    { name = "ruff", specifier = ">=0.7.0,<0.8" },
]

[[package]]
name = "mdurl"
version = "0.1.2"
source = { registry = "https://pypi.org/simple" }
sdist = { url = "https://files.pythonhosted.org/packages/d6/54/cfe61301667036ec958cb99bd3efefba235e65cdeb9c84d24a8293ba1d90/mdurl-0.1.2.tar.gz", hash = "sha256:bb413d29f5eea38f31dd4754dd7377d4465116fb207585f97bf925588687c1ba", size = 8729, upload-time = "2022-08-14T12:40:10.846Z" }
wheels = [
    { url = "https://files.pythonhosted.org/packages/b3/38/89ba8ad64ae25be8de66a6d463314cf1eb366222074cfda9ee839c56a4b4/mdurl-0.1.2-py3-none-any.whl", hash = "sha256:84008a41e51615a49fc9966191ff91509e3c40b939176e643fd50a5c2196b8f8", size = 9979, upload-time = "2022-08-14T12:40:09.779Z" },
]

[[package]]
name = "packaging"
version = "24.1"
source = { registry = "https://pypi.org/simple" }
sdist = { url = "https://files.pythonhosted.org/packages/51/65/50db4dda066951078f0a96cf12f4b9ada6e4b811516bf0262c0f4f7064d4/packaging-24.1.tar.gz", hash = "sha256:026ed72c8ed3fcce5bf8950572258698927fd1dbda10a5e981cdf0ac37f4f002", size = 148788, upload-time = "2024-06-09T23:19:24.956Z" }
wheels = [
    { url = "https://files.pythonhosted.org/packages/08/aa/cc0199a5f0ad350994d660967a8efb233fe0416e4639146c089643407ce6/packaging-24.1-py3-none-any.whl", hash = "sha256:5b8f2217dbdbd2f7f384c41c628544e6d52f2d0f53c6d0c3ea61aa5d1d7ff124", size = 53985, upload-time = "2024-06-09T23:19:21.909Z" },
]

[[package]]
name = "pluggy"
version = "1.5.0"
source = { registry = "https://pypi.org/simple" }
sdist = { url = "https://files.pythonhosted.org/packages/96/2d/02d4312c973c6050a18b314a5ad0b3210edb65a906f868e31c111dede4a6/pluggy-1.5.0.tar.gz", hash = "sha256:2cffa88e94fdc978c4c574f15f9e59b7f4201d439195c3715ca9e2486f1d0cf1", size = 67955, upload-time = "2024-04-20T21:34:42.531Z" }
wheels = [
    { url = "https://files.pythonhosted.org/packages/88/5f/e351af9a41f866ac3f1fac4ca0613908d9a41741cfcf2228f4ad853b697d/pluggy-1.5.0-py3-none-any.whl", hash = "sha256:44e1ad92c8ca002de6377e165f3e0f1be63266ab4d554740532335b9d75ea669", size = 20556, upload-time = "2024-04-20T21:34:40.434Z" },
]

[[package]]
name = "pygments"
version = "2.18.0"
source = { registry = "https://pypi.org/simple" }
sdist = { url = "https://files.pythonhosted.org/packages/8e/62/8336eff65bcbc8e4cb5d05b55faf041285951b6e80f33e2bff2024788f31/pygments-2.18.0.tar.gz", hash = "sha256:786ff802f32e91311bff3889f6e9a86e81505fe99f2735bb6d60ae0c5004f199", size = 4891905, upload-time = "2024-05-04T13:42:02.013Z" }
wheels = [
    { url = "https://files.pythonhosted.org/packages/f7/3f/01c8b82017c199075f8f788d0d906b9ffbbc5a47dc9918a945e13d5a2bda/pygments-2.18.0-py3-none-any.whl", hash = "sha256:b8e6aca0523f3ab76fee51799c488e38782ac06eafcf95e7ba832985c8e7b13a", size = 1205513, upload-time = "2024-05-04T13:41:57.345Z" },
]

[[package]]
name = "pypandoc-binary"
version = "1.14"
source = { registry = "https://pypi.org/simple" }
wheels = [
    { url = "https://files.pythonhosted.org/packages/e7/dc/46a617d5a989642371236de07bf7cb23d78c916724715e6ccc3cafb089a1/pypandoc_binary-1.14-py3-none-macosx_10_9_x86_64.whl", hash = "sha256:d060a29c4fdb4e2721004cf8903625e7b91bf6fe0c842d87daf120924d8fd986", size = 21820896, upload-time = "2024-10-07T19:01:12.845Z" },
    { url = "https://files.pythonhosted.org/packages/a7/1f/f816b0372424b28d2c2b0dce0853406abfb9248892febd0e76f07f4a17e2/pypandoc_binary-1.14-py3-none-macosx_11_0_arm64.whl", hash = "sha256:da0a919b955725dc981239a33c341e399ab8a0559d6843d9c0833abcba6b3a09", size = 21820899, upload-time = "2024-10-07T19:01:15.79Z" },
    { url = "https://files.pythonhosted.org/packages/71/2b/172716646cb2b7c4e751212017dfcb2735517ec909f68e49c30bbd3eb9e2/pypandoc_binary-1.14-py3-none-manylinux_2_17_aarch64.manylinux2014_aarch64.whl", hash = "sha256:6a17bc6b36608dcf206ad867ce88a19c82d0bd371dde1c954281582632c569c2", size = 34887103, upload-time = "2024-10-07T19:01:18.451Z" },
    { url = "https://files.pythonhosted.org/packages/05/92/861a062fdf24390c7431f4ab289adf8744275c726f70df773f08c39040e2/pypandoc_binary-1.14-py3-none-manylinux_2_5_x86_64.manylinux1_x86_64.manylinux_2_17_x86_64.manylinux2014_x86_64.whl", hash = "sha256:4538ddffd45e5c9581e79e1c89e4980476f03d71002f7e5d17947e21f16f216c", size = 32197773, upload-time = "2024-10-07T19:01:21.515Z" },
    { url = "https://files.pythonhosted.org/packages/24/85/5669034752c65f9bb8af488630b7906045c0068128fbf1cbe82f29f3a464/pypandoc_binary-1.14-py3-none-musllinux_1_1_aarch64.whl", hash = "sha256:cfa51ecf2baa78345df296a6bc43edaaff7a72fe8dbb82ece2adcaa229d51a80", size = 34887093, upload-time = "2024-10-07T19:01:24.693Z" },
    { url = "https://files.pythonhosted.org/packages/ee/e4/189654e92939cdddcd7beb113f2a8e6bf8a3f0459682e32fee7053f566d3/pypandoc_binary-1.14-py3-none-musllinux_1_1_x86_64.whl", hash = "sha256:0ac308649961f64c03ef076add281217cb64764e54854a43e57560e62415a941", size = 32197755, upload-time = "2024-10-07T19:01:28.304Z" },
    { url = "https://files.pythonhosted.org/packages/3e/a3/5ba1ea64cb2a5d20bf65c054dd0c26dd0aa2af509be35993755f76078734/pypandoc_binary-1.14-py3-none-win_amd64.whl", hash = "sha256:daffd93ca5450ad2dce21d9408401f5798389ff5afa46fd28f334f44e40d057b", size = 38090442, upload-time = "2024-10-07T19:01:31.248Z" },
]

[[package]]
name = "pytest"
version = "8.3.3"
source = { registry = "https://pypi.org/simple" }
dependencies = [
    { name = "colorama", marker = "sys_platform == 'win32'" },
    { name = "iniconfig" },
    { name = "packaging" },
    { name = "pluggy" },
]
sdist = { url = "https://files.pythonhosted.org/packages/8b/6c/62bbd536103af674e227c41a8f3dcd022d591f6eed5facb5a0f31ee33bbc/pytest-8.3.3.tar.gz", hash = "sha256:70b98107bd648308a7952b06e6ca9a50bc660be218d53c257cc1fc94fda10181", size = 1442487, upload-time = "2024-09-10T10:52:15.003Z" }
wheels = [
    { url = "https://files.pythonhosted.org/packages/6b/77/7440a06a8ead44c7757a64362dd22df5760f9b12dc5f11b6188cd2fc27a0/pytest-8.3.3-py3-none-any.whl", hash = "sha256:a6853c7375b2663155079443d2e45de913a911a11d669df02a50814944db57b2", size = 342341, upload-time = "2024-09-10T10:52:12.54Z" },
]

[[package]]
name = "pytest-cov"
version = "5.0.0"
source = { registry = "https://pypi.org/simple" }
dependencies = [
    { name = "coverage" },
    { name = "pytest" },
]
sdist = { url = "https://files.pythonhosted.org/packages/74/67/00efc8d11b630c56f15f4ad9c7f9223f1e5ec275aaae3fa9118c6a223ad2/pytest-cov-5.0.0.tar.gz", hash = "sha256:5837b58e9f6ebd335b0f8060eecce69b662415b16dc503883a02f45dfeb14857", size = 63042, upload-time = "2024-03-24T20:16:34.856Z" }
wheels = [
    { url = "https://files.pythonhosted.org/packages/78/3a/af5b4fa5961d9a1e6237b530eb87dd04aea6eb83da09d2a4073d81b54ccf/pytest_cov-5.0.0-py3-none-any.whl", hash = "sha256:4f0764a1219df53214206bf1feea4633c3b558a2925c8b59f144f682861ce652", size = 21990, upload-time = "2024-03-24T20:16:32.444Z" },
]

[[package]]
name = "python-dateutil"
version = "2.9.0.post0"
source = { registry = "https://pypi.org/simple" }
dependencies = [
    { name = "six" },
]
sdist = { url = "https://files.pythonhosted.org/packages/66/c0/0c8b6ad9f17a802ee498c46e004a0eb49bc148f2fd230864601a86dcf6db/python-dateutil-2.9.0.post0.tar.gz", hash = "sha256:37dd54208da7e1cd875388217d5e00ebd4179249f90fb72437e91a35459a0ad3", size = 342432, upload-time = "2024-03-01T18:36:20.211Z" }
wheels = [
    { url = "https://files.pythonhosted.org/packages/ec/57/56b9bcc3c9c6a792fcbaf139543cee77261f3651ca9da0c93f5c1221264b/python_dateutil-2.9.0.post0-py2.py3-none-any.whl", hash = "sha256:a8b2bc7bffae282281c8140a97d3aa9c14da0b136dfe83f850eea9a5f7470427", size = 229892, upload-time = "2024-03-01T18:36:18.57Z" },
]

[[package]]
name = "rich"
version = "13.9.2"
source = { registry = "https://pypi.org/simple" }
dependencies = [
    { name = "markdown-it-py" },
    { name = "pygments" },
]
sdist = { url = "https://files.pythonhosted.org/packages/aa/9e/1784d15b057b0075e5136445aaea92d23955aad2c93eaede673718a40d95/rich-13.9.2.tar.gz", hash = "sha256:51a2c62057461aaf7152b4d611168f93a9fc73068f8ded2790f29fe2b5366d0c", size = 222843, upload-time = "2024-10-04T11:50:31.453Z" }
wheels = [
    { url = "https://files.pythonhosted.org/packages/67/91/5474b84e505a6ccc295b2d322d90ff6aa0746745717839ee0c5fb4fdcceb/rich-13.9.2-py3-none-any.whl", hash = "sha256:8c82a3d3f8dcfe9e734771313e606b39d8247bb6b826e196f4914b333b743cf1", size = 242117, upload-time = "2024-10-04T11:50:29.123Z" },
]

[[package]]
name = "ruff"
version = "0.7.0"
source = { registry = "https://pypi.org/simple" }
sdist = { url = "https://files.pythonhosted.org/packages/2c/c7/f3367d1da5d568192968c5c9e7f3d51fb317b9ac04828493b23d8fce8ce6/ruff-0.7.0.tar.gz", hash = "sha256:47a86360cf62d9cd53ebfb0b5eb0e882193fc191c6d717e8bef4462bc3b9ea2b", size = 3146645, upload-time = "2024-10-17T16:34:03.048Z" }
wheels = [
    { url = "https://files.pythonhosted.org/packages/48/59/a0275a0913f3539498d116046dd679cd657fe3b7caf5afe1733319414932/ruff-0.7.0-py3-none-linux_armv6l.whl", hash = "sha256:0cdf20c2b6ff98e37df47b2b0bd3a34aaa155f59a11182c1303cce79be715628", size = 10434007, upload-time = "2024-10-17T16:33:11.941Z" },
    { url = "https://files.pythonhosted.org/packages/cd/94/da0ba5f956d04c90dd899209904210600009dcda039ce840d83eb4298c7d/ruff-0.7.0-py3-none-macosx_10_12_x86_64.whl", hash = "sha256:496494d350c7fdeb36ca4ef1c9f21d80d182423718782222c29b3e72b3512737", size = 10048066, upload-time = "2024-10-17T16:33:14.925Z" },
    { url = "https://files.pythonhosted.org/packages/57/1d/e5cc149ecc46e4f203403a79ccd170fad52d316f98b87d0f63b1945567db/ruff-0.7.0-py3-none-macosx_11_0_arm64.whl", hash = "sha256:214b88498684e20b6b2b8852c01d50f0651f3cc6118dfa113b4def9f14faaf06", size = 9711389, upload-time = "2024-10-17T16:33:18.157Z" },
    { url = "https://files.pythonhosted.org/packages/05/67/fb7ea2c869c539725a16c5bc294e9aa34f8b1b6fe702f1d173a5da517c2b/ruff-0.7.0-py3-none-manylinux_2_17_aarch64.manylinux2014_aarch64.whl", hash = "sha256:630fce3fefe9844e91ea5bbf7ceadab4f9981f42b704fae011bb8efcaf5d84be", size = 10755174, upload-time = "2024-10-17T16:33:21.457Z" },
    { url = "https://files.pythonhosted.org/packages/5f/f0/13703bc50536a0613ea3dce991116e5f0917a1f05528c6ab738b33c08d3f/ruff-0.7.0-py3-none-manylinux_2_17_armv7l.manylinux2014_armv7l.whl", hash = "sha256:211d877674e9373d4bb0f1c80f97a0201c61bcd1e9d045b6e9726adc42c156aa", size = 10196040, upload-time = "2024-10-17T16:33:23.901Z" },
    { url = "https://files.pythonhosted.org/packages/99/c1/77b04ab20324ab03d333522ee55fb0f1c38e3ca0d326b4905f82ce6b6c70/ruff-0.7.0-py3-none-manylinux_2_17_i686.manylinux2014_i686.whl", hash = "sha256:194d6c46c98c73949a106425ed40a576f52291c12bc21399eb8f13a0f7073495", size = 11033684, upload-time = "2024-10-17T16:33:27.305Z" },
    { url = "https://files.pythonhosted.org/packages/f2/97/f463334dc4efeea3551cd109163df15561c18a1c3ec13d51643740fd36ba/ruff-0.7.0-py3-none-manylinux_2_17_ppc64.manylinux2014_ppc64.whl", hash = "sha256:82c2579b82b9973a110fab281860403b397c08c403de92de19568f32f7178598", size = 11803700, upload-time = "2024-10-17T16:33:29.823Z" },
    { url = "https://files.pythonhosted.org/packages/b4/f8/a31d40c4bb92933d376a53e7c5d0245d9b27841357e4820e96d38f54b480/ruff-0.7.0-py3-none-manylinux_2_17_ppc64le.manylinux2014_ppc64le.whl", hash = "sha256:9af971fe85dcd5eaed8f585ddbc6bdbe8c217fb8fcf510ea6bca5bdfff56040e", size = 11347848, upload-time = "2024-10-17T16:33:33.236Z" },
    { url = "https://files.pythonhosted.org/packages/83/62/0c133b35ddaf91c65c30a56718b80bdef36bfffc35684d29e3a4878e0ea3/ruff-0.7.0-py3-none-manylinux_2_17_s390x.manylinux2014_s390x.whl", hash = "sha256:b641c7f16939b7d24b7bfc0be4102c56562a18281f84f635604e8a6989948914", size = 12480632, upload-time = "2024-10-17T16:33:36.58Z" },
    { url = "https://files.pythonhosted.org/packages/46/96/464058dd1d980014fb5aa0a1254e78799efb3096fc7a4823cd66a1621276/ruff-0.7.0-py3-none-manylinux_2_17_x86_64.manylinux2014_x86_64.whl", hash = "sha256:d71672336e46b34e0c90a790afeac8a31954fd42872c1f6adaea1dff76fd44f9", size = 10941919, upload-time = "2024-10-17T16:33:39.528Z" },
    { url = "https://files.pythonhosted.org/packages/a0/f7/bda37ec77986a435dde44e1f59374aebf4282a5fa9cf17735315b847141f/ruff-0.7.0-py3-none-musllinux_1_2_aarch64.whl", hash = "sha256:ab7d98c7eed355166f367597e513a6c82408df4181a937628dbec79abb2a1fe4", size = 10745519, upload-time = "2024-10-17T16:33:42.711Z" },
    { url = "https://files.pythonhosted.org/packages/c2/33/5f77fc317027c057b61a848020a47442a1cbf12e592df0e41e21f4d0f3bd/ruff-0.7.0-py3-none-musllinux_1_2_armv7l.whl", hash = "sha256:1eb54986f770f49edb14f71d33312d79e00e629a57387382200b1ef12d6a4ef9", size = 10284872, upload-time = "2024-10-17T16:33:45.99Z" },
    { url = "https://files.pythonhosted.org/packages/ff/50/98aec292bc9537f640b8d031c55f3414bf15b6ed13b3e943fed75ac927b9/ruff-0.7.0-py3-none-musllinux_1_2_i686.whl", hash = "sha256:dc452ba6f2bb9cf8726a84aa877061a2462afe9ae0ea1d411c53d226661c601d", size = 10600334, upload-time = "2024-10-17T16:33:48.502Z" },
    { url = "https://files.pythonhosted.org/packages/f2/85/12607ae3201423a179b8cfadc7cb1e57d02cd0135e45bd0445acb4cef327/ruff-0.7.0-py3-none-musllinux_1_2_x86_64.whl", hash = "sha256:4b406c2dce5be9bad59f2de26139a86017a517e6bcd2688da515481c05a2cb11", size = 11017333, upload-time = "2024-10-17T16:33:51.354Z" },
    { url = "https://files.pythonhosted.org/packages/d4/7f/3b85a56879e705d5f46ec14daf8a439fca05c3081720fe3dc3209100922d/ruff-0.7.0-py3-none-win32.whl", hash = "sha256:f6c968509f767776f524a8430426539587d5ec5c662f6addb6aa25bc2e8195ec", size = 8570962, upload-time = "2024-10-17T16:33:54.098Z" },
    { url = "https://files.pythonhosted.org/packages/39/9f/c5ee2b40d377354dabcc23cff47eb299de4b4d06d345068f8f8cc1eadac8/ruff-0.7.0-py3-none-win_amd64.whl", hash = "sha256:ff4aabfbaaba880e85d394603b9e75d32b0693152e16fa659a3064a85df7fce2", size = 9365544, upload-time = "2024-10-17T16:33:57.248Z" },
    { url = "https://files.pythonhosted.org/packages/89/8b/ee1509f60148cecba644aa718f6633216784302458340311898aaf0b1bed/ruff-0.7.0-py3-none-win_arm64.whl", hash = "sha256:10842f69c245e78d6adec7e1db0a7d9ddc2fff0621d730e61657b64fa36f207e", size = 8695763, upload-time = "2024-10-17T16:34:00.68Z" },
]

[[package]]
name = "shellingham"
version = "1.5.4"
source = { registry = "https://pypi.org/simple" }
sdist = { url = "https://files.pythonhosted.org/packages/58/15/8b3609fd3830ef7b27b655beb4b4e9c62313a4e8da8c676e142cc210d58e/shellingham-1.5.4.tar.gz", hash = "sha256:8dbca0739d487e5bd35ab3ca4b36e11c4078f3a234bfce294b0a0291363404de", size = 10310, upload-time = "2023-10-24T04:13:40.426Z" }
wheels = [
    { url = "https://files.pythonhosted.org/packages/e0/f9/0595336914c5619e5f28a1fb793285925a8cd4b432c9da0a987836c7f822/shellingham-1.5.4-py2.py3-none-any.whl", hash = "sha256:7ecfff8f2fd72616f7481040475a65b2bf8af90a56c89140852d1120324e8686", size = 9755, upload-time = "2023-10-24T04:13:38.866Z" },
]

[[package]]
name = "six"
version = "1.16.0"
source = { registry = "https://pypi.org/simple" }
sdist = { url = "https://files.pythonhosted.org/packages/71/39/171f1c67cd00715f190ba0b100d606d440a28c93c7714febeca8b79af85e/six-1.16.0.tar.gz", hash = "sha256:1e61c37477a1626458e36f7b1d82aa5c9b094fa4802892072e49de9c60c4c926", size = 34041, upload-time = "2021-05-05T14:18:18.379Z" }
wheels = [
    { url = "https://files.pythonhosted.org/packages/d9/5a/e7c31adbe875f2abbb91bd84cf2dc52d792b5a01506781dbcf25c91daf11/six-1.16.0-py2.py3-none-any.whl", hash = "sha256:8abb2f1d86890a2dfb989f9a77cfcfd3e47c2a354b01111771326f8aa26e0254", size = 11053, upload-time = "2021-05-05T14:18:17.237Z" },
]

[[package]]
name = "typer"
version = "0.12.5"
source = { registry = "https://pypi.org/simple" }
dependencies = [
    { name = "click" },
    { name = "rich" },
    { name = "shellingham" },
    { name = "typing-extensions" },
]
sdist = { url = "https://files.pythonhosted.org/packages/c5/58/a79003b91ac2c6890fc5d90145c662fd5771c6f11447f116b63300436bc9/typer-0.12.5.tar.gz", hash = "sha256:f592f089bedcc8ec1b974125d64851029c3b1af145f04aca64d69410f0c9b722", size = 98953, upload-time = "2024-08-24T21:17:57.346Z" }
wheels = [
    { url = "https://files.pythonhosted.org/packages/a8/2b/886d13e742e514f704c33c4caa7df0f3b89e5a25ef8db02aa9ca3d9535d5/typer-0.12.5-py3-none-any.whl", hash = "sha256:62fe4e471711b147e3365034133904df3e235698399bc4de2b36c8579298d52b", size = 47288, upload-time = "2024-08-24T21:17:55.451Z" },
]

[[package]]
name = "typing-extensions"
version = "4.12.2"
source = { registry = "https://pypi.org/simple" }
sdist = { url = "https://files.pythonhosted.org/packages/df/db/f35a00659bc03fec321ba8bce9420de607a1d37f8342eee1863174c69557/typing_extensions-4.12.2.tar.gz", hash = "sha256:1a7ead55c7e559dd4dee8856e3a88b41225abfe1ce8df57b7c13915fe121ffb8", size = 85321, upload-time = "2024-06-07T18:52:15.995Z" }
wheels = [
    { url = "https://files.pythonhosted.org/packages/26/9f/ad63fc0248c5379346306f8668cda6e2e2e9c95e01216d2b8ffd9ff037d0/typing_extensions-4.12.2-py3-none-any.whl", hash = "sha256:04e5ca0351e0f3f85c6853954072df659d0d13fac324d0072316b67d7794700d", size = 37438, upload-time = "2024-06-07T18:52:13.582Z" },
]
